
Microsoft Visual Studio Solution File, Format Version 12.00
# Visual Studio Version 16
VisualStudioVersion = 16.0.30002.166
MinimumVisualStudioVersion = 10.0.40219.1
Project("{8BC9CEB8-8B4A-11D0-8D11-00A0C91BC942}") = "QQMusic", "..\QQMusic\QQMusic.vcxproj", "{65E0091F-4812-4213-A48A-13759E7DE6CC}"
EndProject
Project("{8BC9CEB8-8B4A-11D0-8D11-00A0C91BC942}") = "Qml_Learning", "..\Qml_Learning\Qml_Learning.vcxproj", "{40B4FBCA-3A6C-4D66-A5E5-7CAC80B2BE15}"
EndProject
Project("{8BC9CEB8-8B4A-11D0-8D11-00A0C91BC942}") = "Qml_Learning_Chapter03", "..\Qml_Learning_Chapter3\Qml_Learning_Chapter3.vcxproj", "{292D671E-ED24-47C4-BE30-299E3638FD41}"
EndProject
Project("{8BC9CEB8-8B4A-11D0-8D11-00A0C91BC942}") = "Qml_Learning_Chapter02", "..\Qml_Learning_Chapter02\Qml_Learning_Chapter02.vcxproj", "{2CFC0770-59F3-4BB5-928C-807E3ED83AD5}"
EndProject
Project("{8BC9CEB8-8B4A-11D0-8D11-00A0C91BC942}") = "Qml_Learning_Chapter04", "..\Qml_Learning_Chapter04\Qml_Learning_Chapter04.vcxproj", "{9A0BA1E2-0952-4ECB-AEE9-07F914EBC95A}"
EndProject
Project("{8BC9CEB8-8B4A-11D0-8D11-00A0C91BC942}") = "FrameLessQml", "AlimeQtQuick.vcxproj", "{C0BDE8EC-B278-48B1-9043-6E6229635419}"
EndProject
Global
	GlobalSection(SolutionConfigurationPlatforms) = preSolution
		Debug|x86 = Debug|x86
		Release|x86 = Release|x86
	EndGlobalSection
	GlobalSection(ProjectConfigurationPlatforms) = postSolution
		{65E0091F-4812-4213-A48A-13759E7DE6CC}.Debug|x86.ActiveCfg = Debug|Win32
		{65E0091F-4812-4213-A48A-13759E7DE6CC}.Debug|x86.Build.0 = Debug|Win32
		{65E0091F-4812-4213-A48A-13759E7DE6CC}.Release|x86.ActiveCfg = Release|Win32
		{65E0091F-4812-4213-A48A-13759E7DE6CC}.Release|x86.Build.0 = Release|Win32
		{40B4FBCA-3A6C-4D66-A5E5-7CAC80B2BE15}.Debug|x86.ActiveCfg = Debug|Win32
		{40B4FBCA-3A6C-4D66-A5E5-7CAC80B2BE15}.Debug|x86.Build.0 = Debug|Win32
		{40B4FBCA-3A6C-4D66-A5E5-7CAC80B2BE15}.Release|x86.ActiveCfg = Release|Win32
		{40B4FBCA-3A6C-4D66-A5E5-7CAC80B2BE15}.Release|x86.Build.0 = Release|Win32
		{292D671E-ED24-47C4-BE30-299E3638FD41}.Debug|x86.ActiveCfg = Debug|Win32
		{292D671E-ED24-47C4-BE30-299E3638FD41}.Debug|x86.Build.0 = Debug|Win32
		{292D671E-ED24-47C4-BE30-299E3638FD41}.Release|x86.ActiveCfg = Release|Win32
		{292D671E-ED24-47C4-BE30-299E3638FD41}.Release|x86.Build.0 = Release|Win32
		{2CFC0770-59F3-4BB5-928C-807E3ED83AD5}.Debug|x86.ActiveCfg = Debug|Win32
		{2CFC0770-59F3-4BB5-928C-807E3ED83AD5}.Debug|x86.Build.0 = Debug|Win32
		{2CFC0770-59F3-4BB5-928C-807E3ED83AD5}.Release|x86.ActiveCfg = Release|Win32
		{2CFC0770-59F3-4BB5-928C-807E3ED83AD5}.Release|x86.Build.0 = Release|Win32
		{9A0BA1E2-0952-4ECB-AEE9-07F914EBC95A}.Debug|x86.ActiveCfg = Debug|Win32
		{9A0BA1E2-0952-4ECB-AEE9-07F914EBC95A}.Debug|x86.Build.0 = Debug|Win32
		{9A0BA1E2-0952-4ECB-AEE9-07F914EBC95A}.Release|x86.ActiveCfg = Release|Win32
		{9A0BA1E2-0952-4ECB-AEE9-07F914EBC95A}.Release|x86.Build.0 = Release|Win32
		{C0BDE8EC-B278-48B1-9043-6E6229635419}.Debug|x86.ActiveCfg = Debug|Win32
		{C0BDE8EC-B278-48B1-9043-6E6229635419}.Debug|x86.Build.0 = Debug|Win32
		{C0BDE8EC-B278-48B1-9043-6E6229635419}.Release|x86.ActiveCfg = Release|Win32
		{C0BDE8EC-B278-48B1-9043-6E6229635419}.Release|x86.Build.0 = Release|Win32
	EndGlobalSection
	GlobalSection(SolutionProperties) = preSolution
		HideSolutionNode = FALSE
	EndGlobalSection
	GlobalSection(ExtensibilityGlobals) = postSolution
		SolutionGuid = {3A019616-5028-4249-BAC1-A7976DC49803}
	EndGlobalSection
EndGlobal
